
Microsoft Visual Studio Solution File, Format Version 12.00
# Visual Studio Version 16
VisualStudioVersion = 16.0.32106.194
MinimumVisualStudioVersion = 10.0.40219.1
Project("{9A19103F-16F7-4668-BE54-9A1E7A4F7556}") = "TodoApi", "TodoApi.csproj", "{1670D4F6-8E25-4300-8C6C-0DDB66C5AB6F}"
EndProject
Global
	GlobalSection(SolutionConfigurationPlatforms) = preSolution
		Debug|Any CPU = Debug|Any CPU
		Release|Any CPU = Release|Any CPU
	EndGlobalSection
	GlobalSection(ProjectConfigurationPlatforms) = postSolution
		{1670D4F6-8E25-4300-8C6C-0DDB66C5AB6F}.Debug|Any CPU.ActiveCfg = Debug|Any CPU
		{1670D4F6-8E25-4300-8C6C-0DDB66C5AB6F}.Debug|Any CPU.Build.0 = Debug|Any CPU
		{1670D4F6-8E25-4300-8C6C-0DDB66C5AB6F}.Release|Any CPU.ActiveCfg = Release|Any CPU
		{1670D4F6-8E25-4300-8C6C-0DDB66C5AB6F}.Release|Any CPU.Build.0 = Release|Any CPU
	EndGlobalSection
	GlobalSection(SolutionProperties) = preSolution
		HideSolutionNode = FALSE
	EndGlobalSection
	GlobalSection(ExtensibilityGlobals) = postSolution
		SolutionGuid = {DA342D6C-5CD3-4C19-8D3F-8A6CA4AE3481}
	EndGlobalSection
EndGlobal
